// !$*UTF8*$!
{
	archiveVersion = 1;
	classes = {
	};
	objectVersion = 48;
	objects = {

/* Begin PBXBuildFile section */
		FA597A9B1FA7595500700A77 /* DemoURL.swift in Sources */ = {isa = PBXBuildFile; fileRef = FA597A9A1FA7595500700A77 /* DemoURL.swift */; };
		FA597A9D1FA767EB00700A77 /* Main.storyboard in Resources */ = {isa = PBXBuildFile; fileRef = FA597A9C1FA767EB00700A77 /* Main.storyboard */; };
		FA6644C41FA87FDE001F5B9D /* CassiniViewController.swift in Sources */ = {isa = PBXBuildFile; fileRef = FA6644C31FA87FDE001F5B9D /* CassiniViewController.swift */; };
		FAA188BD1FA749FE00C6FF82 /* AppDelegate.swift in Sources */ = {isa = PBXBuildFile; fileRef = FAA188BC1FA749FE00C6FF82 /* AppDelegate.swift */; };
		FAA188C41FA749FE00C6FF82 /* Assets.xcassets in Resources */ = {isa = PBXBuildFile; fileRef = FAA188C31FA749FE00C6FF82 /* Assets.xcassets */; };
		FAA188C71FA749FE00C6FF82 /* LaunchScreen.storyboard in Resources */ = {isa = PBXBuildFile; fileRef = FAA188C51FA749FE00C6FF82 /* LaunchScreen.storyboard */; };
		FAA188D21FA749FE00C6FF82 /* CassiniTests.swift in Sources */ = {isa = PBXBuildFile; fileRef = FAA188D11FA749FE00C6FF82 /* CassiniTests.swift */; };
		FAA188DD1FA749FE00C6FF82 /* CassiniUITests.swift in Sources */ = {isa = PBXBuildFile; fileRef = FAA188DC1FA749FE00C6FF82 /* CassiniUITests.swift */; };
		FAA188EC1FA74AC700C6FF82 /* ImageViewController.swift in Sources */ = {isa = PBXBuildFile; fileRef = FAA188EB1FA74AC700C6FF82 /* ImageViewController.swift */; };
/* End PBXBuildFile section */

/* Begin PBXContainerItemProxy section */
		FAA188CE1FA749FE00C6FF82 /* PBXContainerItemProxy */ = {
			isa = PBXContainerItemProxy;
			containerPortal = FAA188B11FA749FE00C6FF82 /* Project object */;
			proxyType = 1;
			remoteGlobalIDString = FAA188B81FA749FE00C6FF82;
			remoteInfo = Cassini;
		};
		FAA188D91FA749FE00C6FF82 /* PBXContainerItemProxy */ = {
			isa = PBXContainerItemProxy;
			containerPortal = FAA188B11FA749FE00C6FF82 /* Project object */;
			proxyType = 1;
			remoteGlobalIDString = FAA188B81FA749FE00C6FF82;
			remoteInfo = Cassini;
		};
/* End PBXContainerItemProxy section */

/* Begin PBXFileReference section */
		FA597A9A1FA7595500700A77 /* DemoURL.swift */ = {isa = PBXFileReference; lastKnownFileType = sourcecode.swift; path = DemoURL.swift; sourceTree = "<group>"; };
		FA597A9C1FA767EB00700A77 /* Main.storyboard */ = {isa = PBXFileReference; fileEncoding = 4; lastKnownFileType = file.storyboard; path = Main.storyboard; sourceTree = "<group>"; };
		FA6644C31FA87FDE001F5B9D /* CassiniViewController.swift */ = {isa = PBXFileReference; lastKnownFileType = sourcecode.swift; path = CassiniViewController.swift; sourceTree = "<group>"; };
		FAA188B91FA749FE00C6FF82 /* Cassini.app */ = {isa = PBXFileReference; explicitFileType = wrapper.application; includeInIndex = 0; path = Cassini.app; sourceTree = BUILT_PRODUCTS_DIR; };
		FAA188BC1FA749FE00C6FF82 /* AppDelegate.swift */ = {isa = PBXFileReference; lastKnownFileType = sourcecode.swift; path = AppDelegate.swift; sourceTree = "<group>"; };
		FAA188C31FA749FE00C6FF82 /* Assets.xcassets */ = {isa = PBXFileReference; lastKnownFileType = folder.assetcatalog; path = Assets.xcassets; sourceTree = "<group>"; };
		FAA188C61FA749FE00C6FF82 /* Base */ = {isa = PBXFileReference; lastKnownFileType = file.storyboard; name = Base; path = Base.lproj/LaunchScreen.storyboard; sourceTree = "<group>"; };
		FAA188C81FA749FE00C6FF82 /* Info.plist */ = {isa = PBXFileReference; lastKnownFileType = text.plist.xml; path = Info.plist; sourceTree = "<group>"; };
		FAA188CD1FA749FE00C6FF82 /* CassiniTests.xctest */ = {isa = PBXFileReference; explicitFileType = wrapper.cfbundle; includeInIndex = 0; path = CassiniTests.xctest; sourceTree = BUILT_PRODUCTS_DIR; };
		FAA188D11FA749FE00C6FF82 /* CassiniTests.swift */ = {isa = PBXFileReference; lastKnownFileType = sourcecode.swift; path = CassiniTests.swift; sourceTree = "<group>"; };
		FAA188D31FA749FE00C6FF82 /* Info.plist */ = {isa = PBXFileReference; lastKnownFileType = text.plist.xml; path = Info.plist; sourceTree = "<group>"; };
		FAA188D81FA749FE00C6FF82 /* CassiniUITests.xctest */ = {isa = PBXFileReference; explicitFileType = wrapper.cfbundle; includeInIndex = 0; path = CassiniUITests.xctest; sourceTree = BUILT_PRODUCTS_DIR; };
		FAA188DC1FA749FE00C6FF82 /* CassiniUITests.swift */ = {isa = PBXFileReference; lastKnownFileType = sourcecode.swift; path = CassiniUITests.swift; sourceTree = "<group>"; };
		FAA188DE1FA749FE00C6FF82 /* Info.plist */ = {isa = PBXFileReference; lastKnownFileType = text.plist.xml; path = Info.plist; sourceTree = "<group>"; };
		FAA188EB1FA74AC700C6FF82 /* ImageViewController.swift */ = {isa = PBXFileReference; lastKnownFileType = sourcecode.swift; path = ImageViewController.swift; sourceTree = "<group>"; };
/* End PBXFileReference section */

/* Begin PBXFrameworksBuildPhase section */
		FAA188B61FA749FE00C6FF82 /* Frameworks */ = {
			isa = PBXFrameworksBuildPhase;
			buildActionMask = 2147483647;
			files = (
			);
			runOnlyForDeploymentPostprocessing = 0;
		};
		FAA188CA1FA749FE00C6FF82 /* Frameworks */ = {
			isa = PBXFrameworksBuildPhase;
			buildActionMask = 2147483647;
			files = (
			);
			runOnlyForDeploymentPostprocessing = 0;
		};
		FAA188D51FA749FE00C6FF82 /* Frameworks */ = {
			isa = PBXFrameworksBuildPhase;
			buildActionMask = 2147483647;
			files = (
			);
			runOnlyForDeploymentPostprocessing = 0;
		};
/* End PBXFrameworksBuildPhase section */

/* Begin PBXGroup section */
		FAA188B01FA749FE00C6FF82 = {
			isa = PBXGroup;
			children = (
				FAA188BB1FA749FE00C6FF82 /* Cassini */,
				FAA188D01FA749FE00C6FF82 /* CassiniTests */,
				FAA188DB1FA749FE00C6FF82 /* CassiniUITests */,
				FAA188BA1FA749FE00C6FF82 /* Products */,
			);
			sourceTree = "<group>";
		};
		FAA188BA1FA749FE00C6FF82 /* Products */ = {
			isa = PBXGroup;
			children = (
				FAA188B91FA749FE00C6FF82 /* Cassini.app */,
				FAA188CD1FA749FE00C6FF82 /* CassiniTests.xctest */,
				FAA188D81FA749FE00C6FF82 /* CassiniUITests.xctest */,
			);
			name = Products;
			sourceTree = "<group>";
		};
		FAA188BB1FA749FE00C6FF82 /* Cassini */ = {
			isa = PBXGroup;
			children = (
				FAA188EB1FA74AC700C6FF82 /* ImageViewController.swift */,
				FA597A9A1FA7595500700A77 /* DemoURL.swift */,
				FA597A9C1FA767EB00700A77 /* Main.storyboard */,
				FA6644C31FA87FDE001F5B9D /* CassiniViewController.swift */,
				FAA188C81FA749FE00C6FF82 /* Info.plist */,
				FAA188EA1FA74A1B00C6FF82 /* Supporting files */,
			);
			path = Cassini;
			sourceTree = "<group>";
		};
		FAA188D01FA749FE00C6FF82 /* CassiniTests */ = {
			isa = PBXGroup;
			children = (
				FAA188D11FA749FE00C6FF82 /* CassiniTests.swift */,
				FAA188D31FA749FE00C6FF82 /* Info.plist */,
			);
			path = CassiniTests;
			sourceTree = "<group>";
		};
		FAA188DB1FA749FE00C6FF82 /* CassiniUITests */ = {
			isa = PBXGroup;
			children = (
				FAA188DC1FA749FE00C6FF82 /* CassiniUITests.swift */,
				FAA188DE1FA749FE00C6FF82 /* Info.plist */,
			);
			path = CassiniUITests;
			sourceTree = "<group>";
		};
		FAA188EA1FA74A1B00C6FF82 /* Supporting files */ = {
			isa = PBXGroup;
			children = (
				FAA188BC1FA749FE00C6FF82 /* AppDelegate.swift */,
				FAA188C31FA749FE00C6FF82 /* Assets.xcassets */,
				FAA188C51FA749FE00C6FF82 /* LaunchScreen.storyboard */,
			);
			path = "Supporting files";
			sourceTree = "<group>";
		};
/* End PBXGroup section */

/* Begin PBXNativeTarget section */
		FAA188B81FA749FE00C6FF82 /* Cassini */ = {
			isa = PBXNativeTarget;
			buildConfigurationList = FAA188E11FA749FE00C6FF82 /* Build configuration list for PBXNativeTarget "Cassini" */;
			buildPhases = (
				FAA188B51FA749FE00C6FF82 /* Sources */,
				FAA188B61FA749FE00C6FF82 /* Frameworks */,
				FAA188B71FA749FE00C6FF82 /* Resources */,
			);
			buildRules = (
			);
			dependencies = (
			);
			name = Cassini;
			productName = Cassini;
			productReference = FAA188B91FA749FE00C6FF82 /* Cassini.app */;
			productType = "com.apple.product-type.application";
		};
		FAA188CC1FA749FE00C6FF82 /* CassiniTests */ = {
			isa = PBXNativeTarget;
			buildConfigurationList = FAA188E41FA749FE00C6FF82 /* Build configuration list for PBXNativeTarget "CassiniTests" */;
			buildPhases = (
				FAA188C91FA749FE00C6FF82 /* Sources */,
				FAA188CA1FA749FE00C6FF82 /* Frameworks */,
				FAA188CB1FA749FE00C6FF82 /* Resources */,
			);
			buildRules = (
			);
			dependencies = (
				FAA188CF1FA749FE00C6FF82 /* PBXTargetDependency */,
			);
			name = CassiniTests;
			productName = CassiniTests;
			productReference = FAA188CD1FA749FE00C6FF82 /* CassiniTests.xctest */;
			productType = "com.apple.product-type.bundle.unit-test";
		};
		FAA188D71FA749FE00C6FF82 /* CassiniUITests */ = {
			isa = PBXNativeTarget;
			buildConfigurationList = FAA188E71FA749FE00C6FF82 /* Build configuration list for PBXNativeTarget "CassiniUITests" */;
			buildPhases = (
				FAA188D41FA749FE00C6FF82 /* Sources */,
				FAA188D51FA749FE00C6FF82 /* Frameworks */,
				FAA188D61FA749FE00C6FF82 /* Resources */,
			);
			buildRules = (
			);
			dependencies = (
				FAA188DA1FA749FE00C6FF82 /* PBXTargetDependency */,
			);
			name = CassiniUITests;
			productName = CassiniUITests;
			productReference = FAA188D81FA749FE00C6FF82 /* CassiniUITests.xctest */;
			productType = "com.apple.product-type.bundle.ui-testing";
		};
/* End PBXNativeTarget section */

/* Begin PBXProject section */
		FAA188B11FA749FE00C6FF82 /* Project object */ = {
			isa = PBXProject;
			attributes = {
				LastSwiftUpdateCheck = 0900;
				LastUpgradeCheck = 0900;
				ORGANIZATIONNAME = glaphi;
				TargetAttributes = {
					FAA188B81FA749FE00C6FF82 = {
						CreatedOnToolsVersion = 9.0.1;
						ProvisioningStyle = Automatic;
					};
					FAA188CC1FA749FE00C6FF82 = {
						CreatedOnToolsVersion = 9.0.1;
						ProvisioningStyle = Automatic;
						TestTargetID = FAA188B81FA749FE00C6FF82;
					};
					FAA188D71FA749FE00C6FF82 = {
						CreatedOnToolsVersion = 9.0.1;
						ProvisioningStyle = Automatic;
						TestTargetID = FAA188B81FA749FE00C6FF82;
					};
				};
			};
			buildConfigurationList = FAA188B41FA749FE00C6FF82 /* Build configuration list for PBXProject "Cassini" */;
			compatibilityVersion = "Xcode 8.0";
			developmentRegion = en;
			hasScannedForEncodings = 0;
			knownRegions = (
				en,
				Base,
			);
			mainGroup = FAA188B01FA749FE00C6FF82;
			productRefGroup = FAA188BA1FA749FE00C6FF82 /* Products */;
			projectDirPath = "";
			projectRoot = "";
			targets = (
				FAA188B81FA749FE00C6FF82 /* Cassini */,
				FAA188CC1FA749FE00C6FF82 /* CassiniTests */,
				FAA188D71FA749FE00C6FF82 /* CassiniUITests */,
			);
		};
/* End PBXProject section */

/* Begin PBXResourcesBuildPhase section */
		FAA188B71FA749FE00C6FF82 /* Resources */ = {
			isa = PBXResourcesBuildPhase;
			buildActionMask = 2147483647;
			files = (
				FA597A9D1FA767EB00700A77 /* Main.storyboard in Resources */,
				FAA188C71FA749FE00C6FF82 /* LaunchScreen.storyboard in Resources */,
				FAA188C41FA749FE00C6FF82 /* Assets.xcassets in Resources */,
			);
			runOnlyForDeploymentPostprocessing = 0;
		};
		FAA188CB1FA749FE00C6FF82 /* Resources */ = {
			isa = PBXResourcesBuildPhase;
			buildActionMask = 2147483647;
			files = (
			);
			runOnlyForDeploymentPostprocessing = 0;
		};
		FAA188D61FA749FE00C6FF82 /* Resources */ = {
			isa = PBXResourcesBuildPhase;
			buildActionMask = 2147483647;
			files = (
			);
			runOnlyForDeploymentPostprocessing = 0;
		};
/* End PBXResourcesBuildPhase section */

/* Begin PBXSourcesBuildPhase section */
		FAA188B51FA749FE00C6FF82 /* Sources */ = {
			isa = PBXSourcesBuildPhase;
			buildActionMask = 2147483647;
			files = (
				FAA188EC1FA74AC700C6FF82 /* ImageViewController.swift in Sources */,
				FAA188BD1FA749FE00C6FF82 /* AppDelegate.swift in Sources */,
				FA597A9B1FA7595500700A77 /* DemoURL.swift in Sources */,
				FA6644C41FA87FDE001F5B9D /* CassiniViewController.swift in Sources */,
			);
			runOnlyForDeploymentPostprocessing = 0;
		};
		FAA188C91FA749FE00C6FF82 /* Sources */ = {
			isa = PBXSourcesBuildPhase;
			buildActionMask = 2147483647;
			files = (
				FAA188D21FA749FE00C6FF82 /* CassiniTests.swift in Sources */,
			);
			runOnlyForDeploymentPostprocessing = 0;
		};
		FAA188D41FA749FE00C6FF82 /* Sources */ = {
			isa = PBXSourcesBuildPhase;
			buildActionMask = 2147483647;
			files = (
				FAA188DD1FA749FE00C6FF82 /* CassiniUITests.swift in Sources */,
			);
			runOnlyForDeploymentPostprocessing = 0;
		};
/* End PBXSourcesBuildPhase section */

/* Begin PBXTargetDependency section */
		FAA188CF1FA749FE00C6FF82 /* PBXTargetDependency */ = {
			isa = PBXTargetDependency;
			target = FAA188B81FA749FE00C6FF82 /* Cassini */;
			targetProxy = FAA188CE1FA749FE00C6FF82 /* PBXContainerItemProxy */;
		};
		FAA188DA1FA749FE00C6FF82 /* PBXTargetDependency */ = {
			isa = PBXTargetDependency;
			target = FAA188B81FA749FE00C6FF82 /* Cassini */;
			targetProxy = FAA188D91FA749FE00C6FF82 /* PBXContainerItemProxy */;
		};
/* End PBXTargetDependency section */

/* Begin PBXVariantGroup section */
		FAA188C51FA749FE00C6FF82 /* LaunchScreen.storyboard */ = {
			isa = PBXVariantGroup;
			children = (
				FAA188C61FA749FE00C6FF82 /* Base */,
			);
			name = LaunchScreen.storyboard;
			sourceTree = "<group>";
		};
/* End PBXVariantGroup section */

/* Begin XCBuildConfiguration section */
		FAA188DF1FA749FE00C6FF82 /* Debug */ = {
			isa = XCBuildConfiguration;
			buildSettings = {
				ALWAYS_SEARCH_USER_PATHS = NO;
				CLANG_ANALYZER_NONNULL = YES;
				CLANG_ANALYZER_NUMBER_OBJECT_CONVERSION = YES_AGGRESSIVE;
				CLANG_CXX_LANGUAGE_STANDARD = "gnu++14";
				CLANG_CXX_LIBRARY = "libc++";
				CLANG_ENABLE_MODULES = YES;
				CLANG_ENABLE_OBJC_ARC = YES;
				CLANG_WARN_BLOCK_CAPTURE_AUTORELEASING = YES;
				CLANG_WARN_BOOL_CONVERSION = YES;
				CLANG_WARN_COMMA = YES;
				CLANG_WARN_CONSTANT_CONVERSION = YES;
				CLANG_WARN_DIRECT_OBJC_ISA_USAGE = YES_ERROR;
				CLANG_WARN_DOCUMENTATION_COMMENTS = YES;
				CLANG_WARN_EMPTY_BODY = YES;
				CLANG_WARN_ENUM_CONVERSION = YES;
				CLANG_WARN_INFINITE_RECURSION = YES;
				CLANG_WARN_INT_CONVERSION = YES;
				CLANG_WARN_NON_LITERAL_NULL_CONVERSION = YES;
				CLANG_WARN_OBJC_LITERAL_CONVERSION = YES;
				CLANG_WARN_OBJC_ROOT_CLASS = YES_ERROR;
				CLANG_WARN_RANGE_LOOP_ANALYSIS = YES;
				CLANG_WARN_STRICT_PROTOTYPES = YES;
				CLANG_WARN_SUSPICIOUS_MOVE = YES;
				CLANG_WARN_UNGUARDED_AVAILABILITY = YES_AGGRESSIVE;
				CLANG_WARN_UNREACHABLE_CODE = YES;
				CLANG_WARN__DUPLICATE_METHOD_MATCH = YES;
				CODE_SIGN_IDENTITY = "iPhone Developer";
				COPY_PHASE_STRIP = NO;
				DEBUG_INFORMATION_FORMAT = dwarf;
				ENABLE_STRICT_OBJC_MSGSEND = YES;
				ENABLE_TESTABILITY = YES;
				GCC_C_LANGUAGE_STANDARD = gnu11;
				GCC_DYNAMIC_NO_PIC = NO;
				GCC_NO_COMMON_BLOCKS = YES;
				GCC_OPTIMIZATION_LEVEL = 0;
				GCC_PREPROCESSOR_DEFINITIONS = (
					"DEBUG=1",
					"$(inherited)",
				);
				GCC_WARN_64_TO_32_BIT_CONVERSION = YES;
				GCC_WARN_ABOUT_RETURN_TYPE = YES_ERROR;
				GCC_WARN_UNDECLARED_SELECTOR = YES;
				GCC_WARN_UNINITIALIZED_AUTOS = YES_AGGRESSIVE;
				GCC_WARN_UNUSED_FUNCTION = YES;
				GCC_WARN_UNUSED_VARIABLE = YES;
				IPHONEOS_DEPLOYMENT_TARGET = 11.0;
				MTL_ENABLE_DEBUG_INFO = YES;
				ONLY_ACTIVE_ARCH = YES;
				SDKROOT = iphoneos;
				SWIFT_ACTIVE_COMPILATION_CONDITIONS = DEBUG;
				SWIFT_OPTIMIZATION_LEVEL = "-Onone";
			};
			name = Debug;
		};
		FAA188E01FA749FE00C6FF82 /* Release */ = {
			isa = XCBuildConfiguration;
			buildSettings = {
				ALWAYS_SEARCH_USER_PATHS = NO;
				CLANG_ANALYZER_NONNULL = YES;
				CLANG_ANALYZER_NUMBER_OBJECT_CONVERSION = YES_AGGRESSIVE;
				CLANG_CXX_LANGUAGE_STANDARD = "gnu++14";
				CLANG_CXX_LIBRARY = "libc++";
				CLANG_ENABLE_MODULES = YES;
				CLANG_ENABLE_OBJC_ARC = YES;
				CLANG_WARN_BLOCK_CAPTURE_AUTORELEASING = YES;
				CLANG_WARN_BOOL_CONVERSION = YES;
				CLANG_WARN_COMMA = YES;
				CLANG_WARN_CONSTANT_CONVERSION = YES;
				CLANG_WARN_DIRECT_OBJC_ISA_USAGE = YES_ERROR;
				CLANG_WARN_DOCUMENTATION_COMMENTS = YES;
				CLANG_WARN_EMPTY_BODY = YES;
				CLANG_WARN_ENUM_CONVERSION = YES;
				CLANG_WARN_INFINITE_RECURSION = YES;
				CLANG_WARN_INT_CONVERSION = YES;
				CLANG_WARN_NON_LITERAL_NULL_CONVERSION = YES;
				CLANG_WARN_OBJC_LITERAL_CONVERSION = YES;
				CLANG_WARN_OBJC_ROOT_CLASS = YES_ERROR;
				CLANG_WARN_RANGE_LOOP_ANALYSIS = YES;
				CLANG_WARN_STRICT_PROTOTYPES = YES;
				CLANG_WARN_SUSPICIOUS_MOVE = YES;
				CLANG_WARN_UNGUARDED_AVAILABILITY = YES_AGGRESSIVE;
				CLANG_WARN_UNREACHABLE_CODE = YES;
				CLANG_WARN__DUPLICATE_METHOD_MATCH = YES;
				CODE_SIGN_IDENTITY = "iPhone Developer";
				COPY_PHASE_STRIP = NO;
				DEBUG_INFORMATION_FORMAT = "dwarf-with-dsym";
				ENABLE_NS_ASSERTIONS = NO;
				ENABLE_STRICT_OBJC_MSGSEND = YES;
				GCC_C_LANGUAGE_STANDARD = gnu11;
				GCC_NO_COMMON_BLOCKS = YES;
				GCC_WARN_64_TO_32_BIT_CONVERSION = YES;
				GCC_WARN_ABOUT_RETURN_TYPE = YES_ERROR;
				GCC_WARN_UNDECLARED_SELECTOR = YES;
				GCC_WARN_UNINITIALIZED_AUTOS = YES_AGGRESSIVE;
				GCC_WARN_UNUSED_FUNCTION = YES;
				GCC_WARN_UNUSED_VARIABLE = YES;
				IPHONEOS_DEPLOYMENT_TARGET = 11.0;
				MTL_ENABLE_DEBUG_INFO = NO;
				SDKROOT = iphoneos;
				SWIFT_OPTIMIZATION_LEVEL = "-Owholemodule";
				VALIDATE_PRODUCT = YES;
			};
			name = Release;
		};
		FAA188E21FA749FE00C6FF82 /* Debug */ = {
			isa = XCBuildConfiguration;
			buildSettings = {
				ASSETCATALOG_COMPILER_APPICON_NAME = AppIcon;
				CODE_SIGN_STYLE = Automatic;
				DEVELOPMENT_TEAM = CWMQ47K6W3;
				INFOPLIST_FILE = Cassini/Info.plist;
				LD_RUNPATH_SEARCH_PATHS = "$(inherited) @executable_path/Frameworks";
				PRODUCT_BUNDLE_IDENTIFIER = glaphi.Cassini;
				PRODUCT_NAME = "$(TARGET_NAME)";
				SWIFT_VERSION = 4.0;
				TARGETED_DEVICE_FAMILY = "1,2";
			};
			name = Debug;
		};
		FAA188E31FA749FE00C6FF82 /* Release */ = {
			isa = XCBuildConfiguration;
			buildSettings = {
				ASSETCATALOG_COMPILER_APPICON_NAME = AppIcon;
				CODE_SIGN_STYLE = Automatic;
				DEVELOPMENT_TEAM = CWMQ47K6W3;
				INFOPLIST_FILE = Cassini/Info.plist;
				LD_RUNPATH_SEARCH_PATHS = "$(inherited) @executable_path/Frameworks";
				PRODUCT_BUNDLE_IDENTIFIER = glaphi.Cassini;
				PRODUCT_NAME = "$(TARGET_NAME)";
				SWIFT_VERSION = 4.0;
				TARGETED_DEVICE_FAMILY = "1,2";
			};
			name = Release;
		};
		FAA188E51FA749FE00C6FF82 /* Debug */ = {
			isa = XCBuildConfiguration;
			buildSettings = {
				ALWAYS_EMBED_SWIFT_STANDARD_LIBRARIES = YES;
				BUNDLE_LOADER = "$(TEST_HOST)";
				CODE_SIGN_STYLE = Automatic;
				DEVELOPMENT_TEAM = CWMQ47K6W3;
				INFOPLIST_FILE = CassiniTests/Info.plist;
				LD_RUNPATH_SEARCH_PATHS = "$(inherited) @executable_path/Frameworks @loader_path/Frameworks";
				PRODUCT_BUNDLE_IDENTIFIER = glaphi.CassiniTests;
				PRODUCT_NAME = "$(TARGET_NAME)";
				SWIFT_VERSION = 4.0;
				TARGETED_DEVICE_FAMILY = "1,2";
				TEST_HOST = "$(BUILT_PRODUCTS_DIR)/Cassini.app/Cassini";
			};
			name = Debug;
		};
		FAA188E61FA749FE00C6FF82 /* Release */ = {
			isa = XCBuildConfiguration;
			buildSettings = {
				ALWAYS_EMBED_SWIFT_STANDARD_LIBRARIES = YES;
				BUNDLE_LOADER = "$(TEST_HOST)";
				CODE_SIGN_STYLE = Automatic;
				DEVELOPMENT_TEAM = CWMQ47K6W3;
				INFOPLIST_FILE = CassiniTests/Info.plist;
				LD_RUNPATH_SEARCH_PATHS = "$(inherited) @executable_path/Frameworks @loader_path/Frameworks";
				PRODUCT_BUNDLE_IDENTIFIER = glaphi.CassiniTests;
				PRODUCT_NAME = "$(TARGET_NAME)";
				SWIFT_VERSION = 4.0;
				TARGETED_DEVICE_FAMILY = "1,2";
				TEST_HOST = "$(BUILT_PRODUCTS_DIR)/Cassini.app/Cassini";
			};
			name = Release;
		};
		FAA188E81FA749FE00C6FF82 /* Debug */ = {
			isa = XCBuildConfiguration;
			buildSettings = {
				ALWAYS_EMBED_SWIFT_STANDARD_LIBRARIES = YES;
				CODE_SIGN_STYLE = Automatic;
				DEVELOPMENT_TEAM = CWMQ47K6W3;
				INFOPLIST_FILE = CassiniUITests/Info.plist;
				LD_RUNPATH_SEARCH_PATHS = "$(inherited) @executable_path/Frameworks @loader_path/Frameworks";
				PRODUCT_BUNDLE_IDENTIFIER = glaphi.CassiniUITests;
				PRODUCT_NAME = "$(TARGET_NAME)";
				SWIFT_VERSION = 4.0;
				TARGETED_DEVICE_FAMILY = "1,2";
				TEST_TARGET_NAME = Cassini;
			};
			name = Debug;
		};
		FAA188E91FA749FE00C6FF82 /* Release */ = {
			isa = XCBuildConfiguration;
			buildSettings = {
				ALWAYS_EMBED_SWIFT_STANDARD_LIBRARIES = YES;
				CODE_SIGN_STYLE = Automatic;
				DEVELOPMENT_TEAM = CWMQ47K6W3;
				INFOPLIST_FILE = CassiniUITests/Info.plist;
				LD_RUNPATH_SEARCH_PATHS = "$(inherited) @executable_path/Frameworks @loader_path/Frameworks";
				PRODUCT_BUNDLE_IDENTIFIER = glaphi.CassiniUITests;
				PRODUCT_NAME = "$(TARGET_NAME)";
				SWIFT_VERSION = 4.0;
				TARGETED_DEVICE_FAMILY = "1,2";
				TEST_TARGET_NAME = Cassini;
			};
			name = Release;
		};
/* End XCBuildConfiguration section */

/* Begin XCConfigurationList section */
		FAA188B41FA749FE00C6FF82 /* Build configuration list for PBXProject "Cassini" */ = {
			isa = XCConfigurationList;
			buildConfigurations = (
				FAA188DF1FA749FE00C6FF82 /* Debug */,
				FAA188E01FA749FE00C6FF82 /* Release */,
			);
			defaultConfigurationIsVisible = 0;
			defaultConfigurationName = Release;
		};
		FAA188E11FA749FE00C6FF82 /* Build configuration list for PBXNativeTarget "Cassini" */ = {
			isa = XCConfigurationList;
			buildConfigurations = (
				FAA188E21FA749FE00C6FF82 /* Debug */,
				FAA188E31FA749FE00C6FF82 /* Release */,
			);
			defaultConfigurationIsVisible = 0;
			defaultConfigurationName = Release;
		};
		FAA188E41FA749FE00C6FF82 /* Build configuration list for PBXNativeTarget "CassiniTests" */ = {
			isa = XCConfigurationList;
			buildConfigurations = (
				FAA188E51FA749FE00C6FF82 /* Debug */,
				FAA188E61FA749FE00C6FF82 /* Release */,
			);
			defaultConfigurationIsVisible = 0;
			defaultConfigurationName = Release;
		};
		FAA188E71FA749FE00C6FF82 /* Build configuration list for PBXNativeTarget "CassiniUITests" */ = {
			isa = XCConfigurationList;
			buildConfigurations = (
				FAA188E81FA749FE00C6FF82 /* Debug */,
				FAA188E91FA749FE00C6FF82 /* Release */,
			);
			defaultConfigurationIsVisible = 0;
			defaultConfigurationName = Release;
		};
/* End XCConfigurationList section */
	};
	rootObject = FAA188B11FA749FE00C6FF82 /* Project object */;
}
